Microsoft Visual Studio Solution File, Format Version 12.00
# Visual Studio Version 17
VisualStudioVersion = 17.8.34330.188
MinimumVisualStudioVersion = 10.0.40219.1
Project("{9A19103F-16F7-4668-BE54-9A1E7A4F7556}") = "JobWatcher.Api", "JobWatcher.Api\JobWatcher.Api.csproj", "{A1E0ED5C-CE0B-4E2F-8F66-8B2A53E7164B}"
EndProject
Global
	GlobalSection(SolutionConfigurationPlatforms) = preSolution
		Debug|Any CPU = Debug|Any CPU
		Release|Any CPU = Release|Any CPU
	EndGlobalSection
	GlobalSection(ProjectConfigurationPlatforms) = postSolution
		{A1E0ED5C-CE0B-4E2F-8F66-8B2A53E7164B}.Debug|Any CPU.ActiveCfg = Debug|Any CPU
		{A1E0ED5C-CE0B-4E2F-8F66-8B2A53E7164B}.Debug|Any CPU.Build.0 = Debug|Any CPU
		{A1E0ED5C-CE0B-4E2F-8F66-8B2A53E7164B}.Release|Any CPU.ActiveCfg = Release|Any CPU
		{A1E0ED5C-CE0B-4E2F-8F66-8B2A53E7164B}.Release|Any CPU.Build.0 = Release|Any CPU
	EndGlobalSection
	GlobalSection(SolutionProperties) = preSolution
		HideSolutionNode = FALSE
	EndGlobalSection
EndGlobal
